
Microsoft Visual Studio Solution File, Format Version 12.00
# Visual Studio Version 17
VisualStudioVersion = 17.1.32319.34
MinimumVisualStudioVersion = 10.0.40219.1
Project("{9A19103F-16F7-4668-BE54-9A1E7A4F7556}") = "MessiaenModesWeb", "MessiaenModesWeb\MessiaenModesWeb.csproj", "{CFA1087F-45B1-46BF-A9AF-90B68C08455A}"
EndProject
Global
	GlobalSection(SolutionConfigurationPlatforms) = preSolution
		Debug|Any CPU = Debug|Any CPU
		Release|Any CPU = Release|Any CPU
	EndGlobalSection
	GlobalSection(ProjectConfigurationPlatforms) = postSolution
		{CFA1087F-45B1-46BF-A9AF-90B68C08455A}.Debug|Any CPU.ActiveCfg = Debug|Any CPU
		{CFA1087F-45B1-46BF-A9AF-90B68C08455A}.Debug|Any CPU.Build.0 = Debug|Any CPU
		{CFA1087F-45B1-46BF-A9AF-90B68C08455A}.Release|Any CPU.ActiveCfg = Release|Any CPU
		{CFA1087F-45B1-46BF-A9AF-90B68C08455A}.Release|Any CPU.Build.0 = Release|Any CPU
	EndGlobalSection
	GlobalSection(SolutionProperties) = preSolution
		HideSolutionNode = FALSE
	EndGlobalSection
	GlobalSection(ExtensibilityGlobals) = postSolution
		SolutionGuid = {2C58E077-DDE5-4683-B737-712FBDF97DC9}
	EndGlobalSection
EndGlobal
